
Microsoft Visual Studio Solution File, Format Version 12.00
# Visual Studio Version 17
VisualStudioVersion = 17.0.31912.275
MinimumVisualStudioVersion = 10.0.40219.1
Project("{FAE04EC0-301F-11D3-BF4B-00C04F79EFBC}") = "SurveillanceOrganizer", "SurveillanceOrganizer\SurveillanceOrganizer.csproj", "{57F27F3E-4356-4279-BCDD-C557876FD641}"
EndProject
Global
	GlobalSection(SolutionConfigurationPlatforms) = preSolution
		Debug|Any CPU = Debug|Any CPU
		Release|Any CPU = Release|Any CPU
	EndGlobalSection
	GlobalSection(ProjectConfigurationPlatforms) = postSolution
		{57F27F3E-4356-4279-BCDD-C557876FD641}.Debug|Any CPU.ActiveCfg = Debug|Any CPU
		{57F27F3E-4356-4279-BCDD-C557876FD641}.Debug|Any CPU.Build.0 = Debug|Any CPU
		{57F27F3E-4356-4279-BCDD-C557876FD641}.Release|Any CPU.ActiveCfg = Release|Any CPU
		{57F27F3E-4356-4279-BCDD-C557876FD641}.Release|Any CPU.Build.0 = Release|Any CPU
	EndGlobalSection
	GlobalSection(SolutionProperties) = preSolution
		HideSolutionNode = FALSE
	EndGlobalSection
	GlobalSection(ExtensibilityGlobals) = postSolution
		SolutionGuid = {CB82F314-451C-4F74-A65B-DE8416D773F9}
	EndGlobalSection
EndGlobal
